
Microsoft Visual Studio Solution File, Format Version 12.00
# Visual Studio Version 17
VisualStudioVersion = 17.2.32516.85
MinimumVisualStudioVersion = 10.0.40219.1
Project("{FAE04EC0-301F-11D3-BF4B-00C04F79EFBC}") = "helloworld", "helloworld\helloworld.csproj", "{70FBCA10-7C88-453B-8D8B-34301DBEEEE8}"
EndProject
Global
	GlobalSection(SolutionConfigurationPlatforms) = preSolution
		Debug|Any CPU = Debug|Any CPU
		Release|Any CPU = Release|Any CPU
	EndGlobalSection
	GlobalSection(ProjectConfigurationPlatforms) = postSolution
		{70FBCA10-7C88-453B-8D8B-34301DBEEEE8}.Debug|Any CPU.ActiveCfg = Debug|Any CPU
		{70FBCA10-7C88-453B-8D8B-34301DBEEEE8}.Debug|Any CPU.Build.0 = Debug|Any CPU
		{70FBCA10-7C88-453B-8D8B-34301DBEEEE8}.Release|Any CPU.ActiveCfg = Release|Any CPU
		{70FBCA10-7C88-453B-8D8B-34301DBEEEE8}.Release|Any CPU.Build.0 = Release|Any CPU
	EndGlobalSection
	GlobalSection(SolutionProperties) = preSolution
		HideSolutionNode = FALSE
	EndGlobalSection
	GlobalSection(ExtensibilityGlobals) = postSolution
		SolutionGuid = {E9803481-B563-4F8D-83CF-D477652C4600}
	EndGlobalSection
EndGlobal
